
Microsoft Visual Studio Solution File, Format Version 12.00
# Visual Studio Version 17
VisualStudioVersion = 17.9.34723.18
MinimumVisualStudioVersion = 10.0.40219.1
Project("{FAE04EC0-301F-11D3-BF4B-00C04F79EFBC}") = "CAFE", "CAFE\CAFE.csproj", "{89E4251F-845F-441D-B7F8-A474119876BC}"
EndProject
Global
	GlobalSection(SolutionConfigurationPlatforms) = preSolution
		Debug|Any CPU = Debug|Any CPU
		Release|Any CPU = Release|Any CPU
	EndGlobalSection
	GlobalSection(ProjectConfigurationPlatforms) = postSolution
		{89E4251F-845F-441D-B7F8-A474119876BC}.Debug|Any CPU.ActiveCfg = Debug|Any CPU
		{89E4251F-845F-441D-B7F8-A474119876BC}.Debug|Any CPU.Build.0 = Debug|Any CPU
		{89E4251F-845F-441D-B7F8-A474119876BC}.Release|Any CPU.ActiveCfg = Release|Any CPU
		{89E4251F-845F-441D-B7F8-A474119876BC}.Release|Any CPU.Build.0 = Release|Any CPU
	EndGlobalSection
	GlobalSection(SolutionProperties) = preSolution
		HideSolutionNode = FALSE
	EndGlobalSection
	GlobalSection(ExtensibilityGlobals) = postSolution
		SolutionGuid = {53DBE41B-2E4F-47B8-A78A-1FAF50239927}
	EndGlobalSection
EndGlobal
